
Microsoft Visual Studio Solution File, Format Version 12.00
# Visual Studio Version 17
VisualStudioVersion = 17.9.34902.65
MinimumVisualStudioVersion = 10.0.40219.1
Project("{FAE04EC0-301F-11D3-BF4B-00C04F79EFBC}") = "PrimeiroProjeto", "PrimeiroProjeto\PrimeiroProjeto.csproj", "{0EBFF23A-93D6-4EEA-A533-74FAC08E0D40}"
EndProject
Global
	GlobalSection(SolutionConfigurationPlatforms) = preSolution
		Debug|Any CPU = Debug|Any CPU
		Release|Any CPU = Release|Any CPU
	EndGlobalSection
	GlobalSection(ProjectConfigurationPlatforms) = postSolution
		{0EBFF23A-93D6-4EEA-A533-74FAC08E0D40}.Debug|Any CPU.ActiveCfg = Debug|Any CPU
		{0EBFF23A-93D6-4EEA-A533-74FAC08E0D40}.Debug|Any CPU.Build.0 = Debug|Any CPU
		{0EBFF23A-93D6-4EEA-A533-74FAC08E0D40}.Release|Any CPU.ActiveCfg = Release|Any CPU
		{0EBFF23A-93D6-4EEA-A533-74FAC08E0D40}.Release|Any CPU.Build.0 = Release|Any CPU
	EndGlobalSection
	GlobalSection(SolutionProperties) = preSolution
		HideSolutionNode = FALSE
	EndGlobalSection
	GlobalSection(ExtensibilityGlobals) = postSolution
		SolutionGuid = {A63ED692-7364-4E88-9EE2-8B78CBEC250A}
	EndGlobalSection
EndGlobal
